
Microsoft Visual Studio Solution File, Format Version 12.00
# Visual Studio Version 16
VisualStudioVersion = 16.0.31019.35
MinimumVisualStudioVersion = 10.0.40219.1
Project("{FAE04EC0-301F-11D3-BF4B-00C04F79EFBC}") = "GeapComissoesConcessionaria", "GeapComissoesConcessionaria\GeapComissoesConcessionaria.csproj", "{6343C144-B40B-4327-B142-B80D4C369DF1}"
EndProject
Global
	GlobalSection(SolutionConfigurationPlatforms) = preSolution
		Debug|Any CPU = Debug|Any CPU
		Release|Any CPU = Release|Any CPU
	EndGlobalSection
	GlobalSection(ProjectConfigurationPlatforms) = postSolution
		{6343C144-B40B-4327-B142-B80D4C369DF1}.Debug|Any CPU.ActiveCfg = Debug|Any CPU
		{6343C144-B40B-4327-B142-B80D4C369DF1}.Debug|Any CPU.Build.0 = Debug|Any CPU
		{6343C144-B40B-4327-B142-B80D4C369DF1}.Release|Any CPU.ActiveCfg = Release|Any CPU
		{6343C144-B40B-4327-B142-B80D4C369DF1}.Release|Any CPU.Build.0 = Release|Any CPU
	EndGlobalSection
	GlobalSection(SolutionProperties) = preSolution
		HideSolutionNode = FALSE
	EndGlobalSection
	GlobalSection(ExtensibilityGlobals) = postSolution
		SolutionGuid = {2E9848CE-3E9E-4656-A020-39F4B8A7A78E}
	EndGlobalSection
EndGlobal
